{
  "name": "srt-merge",
  "version": "1.1.0",
  "lockfileVersion": 1,
  "requires": true,
  "dependencies": {
    "subtitle": {
      "version": "2.0.5",
      "resolved": "https://registry.npmjs.org/subtitle/-/subtitle-2.0.5.tgz",
      "integrity": "sha512-iLKV1LroIxtFHRpv58pkkn/WqPVur9jANOuMMRxof6cD+zqHfKLX45IaeELItxUXsc/KRJsZggIyx7Wkt4I9gg=="
    }
  }
}
